{
    "_meta": {
        "hash": {
            "sha256": "24517a2efd4193eada4a720cdc0ddf1b5e02d6e1682cd4d449b1446d31837371"
        },
        "requires": {},
        "sources": [
            {
                "url": "https://pypi.python.org/simple",
                "verify_ssl": true
            }
        ]
    },
    "default": {
        "appdirs": {
            "version": "==1.4.3"
        },
        "packaging": {
            "version": "==16.8"
        },
        "protobuf": {
            "version": "==3.3.0"
        },
        "pyparsing": {
            "version": "==2.2.0"
        },
        "pyzmq": {
            "version": "==16.0.2"
        },
        "setuptools": {
            "version": "==35.0.2"
        },
        "six": {
            "version": "==1.10.0"
        },
        "tornado": {
            "version": "==4.5.1"
        }
    },
    "develop": {
        "Pygments": {
            "version": "==2.2.0"
        },
        "appdirs": {
            "version": "==1.4.3"
        },
        "appnope": {
            "version": "==0.1.0"
        },
        "decorator": {
            "version": "==4.0.11"
        },
        "ipython": {
            "version": "==6.0.0"
        },
        "ipython_genutils": {
            "version": "==0.2.0"
        },
        "jedi": {
            "version": "==0.10.2"
        },
        "packaging": {
            "version": "==16.8"
        },
        "pexpect": {
            "version": "==4.2.1"
        },
        "pickleshare": {
            "version": "==0.7.4"
        },
        "prompt_toolkit": {
            "version": "==1.0.14"
        },
        "ptyprocess": {
            "version": "==0.5.1"
        },
        "pyparsing": {
            "version": "==2.2.0"
        },
        "setuptools": {
            "version": "==35.0.2"
        },
        "simplegeneric": {
            "version": "==0.8.1"
        },
        "six": {
            "version": "==1.10.0"
        },
        "traitlets": {
            "version": "==4.3.2"
        },
        "wcwidth": {
            "version": "==0.1.7"
        }
    }
}
